
Microsoft Visual Studio Solution File, Format Version 12.00
# Visual Studio Version 16
VisualStudioVersion = 16.0.32228.343
MinimumVisualStudioVersion = 10.0.40219.1
Project("{2150E333-8FDC-42A3-9474-1A3956D46DE8}") = "Chapter02", "Chapter02", "{DFE44629-FB9C-446E-AC89-9E582B80D195}"
EndProject
Project("{FAE04EC0-301F-11D3-BF4B-00C04F79EFBC}") = "DistanceConverter", "Chapter02\DistanceConverter\DistanceConverter.csproj", "{27068525-B4AF-449A-B2A0-FEEF2486FA61}"
EndProject
Project("{FAE04EC0-301F-11D3-BF4B-00C04F79EFBC}") = "SalesCalculater", "Chapter02\SalesCalculater\SalesCalculater.csproj", "{978C48BA-4BEA-4ECC-ABFB-E4578D792445}"
EndProject
Project("{FAE04EC0-301F-11D3-BF4B-00C04F79EFBC}") = "Exercise", "Chapter02\Exercise\Exercise.csproj", "{E7DE0ADE-5F1C-49CC-882E-400DC13054A9}"
EndProject
Project("{FAE04EC0-301F-11D3-BF4B-00C04F79EFBC}") = "Exercise02", "Chapter02\Exercise02\Exercise02.csproj", "{A6BA72FD-72BC-4093-B2B2-F55EA05B4F3F}"
EndProject
Project("{FAE04EC0-301F-11D3-BF4B-00C04F79EFBC}") = "Exercise03", "Chapter02\Exercise03\Exercise03.csproj", "{52E4D880-F139-434C-BC9A-4D50BB85CB9D}"
EndProject
Project("{2150E333-8FDC-42A3-9474-1A3956D46DE8}") = "Chapter03", "Chapter03", "{9A80B823-6076-415C-91D5-EB9DC9A90C35}"
EndProject
Project("{FAE04EC0-301F-11D3-BF4B-00C04F79EFBC}") = "Section01", "Chapter03\Section01\Section01.csproj", "{E59AE7BE-6F8E-4AEB-B644-80D2226BA7C1}"
EndProject
Project("{FAE04EC0-301F-11D3-BF4B-00C04F79EFBC}") = "Exercise01", "Chapter03\Exercise01\Exercise01.csproj", "{BDA143FC-DA8D-4196-AF5D-E43A2B1F91C6}"
EndProject
Project("{FAE04EC0-301F-11D3-BF4B-00C04F79EFBC}") = "Section04", "Chapter03\Section04\Section04.csproj", "{28E45DE2-CBD9-454D-A578-15CE1643D782}"
EndProject
Project("{FAE04EC0-301F-11D3-BF4B-00C04F79EFBC}") = "Exercise02", "Chapter03\Exercise02\Exercise02.csproj", "{F8D4161C-B7CC-40D4-990C-3162348FFB2C}"
EndProject
Project("{2150E333-8FDC-42A3-9474-1A3956D46DE8}") = "Chapter04", "Chapter04", "{EAE7709C-8320-429B-9044-D4B129B72C59}"
EndProject
Project("{FAE04EC0-301F-11D3-BF4B-00C04F79EFBC}") = "Exercise01", "Chapter04\Exercise01\Exercise01.csproj", "{BB1B5A16-3DCB-48DD-A9FB-767E2077DD58}"
EndProject
Global
	GlobalSection(SolutionConfigurationPlatforms) = preSolution
		Debug|Any CPU = Debug|Any CPU
		Release|Any CPU = Release|Any CPU
	EndGlobalSection
	GlobalSection(ProjectConfigurationPlatforms) = postSolution
		{27068525-B4AF-449A-B2A0-FEEF2486FA61}.Debug|Any CPU.ActiveCfg = Debug|Any CPU
		{27068525-B4AF-449A-B2A0-FEEF2486FA61}.Debug|Any CPU.Build.0 = Debug|Any CPU
		{27068525-B4AF-449A-B2A0-FEEF2486FA61}.Release|Any CPU.ActiveCfg = Release|Any CPU
		{27068525-B4AF-449A-B2A0-FEEF2486FA61}.Release|Any CPU.Build.0 = Release|Any CPU
		{978C48BA-4BEA-4ECC-ABFB-E4578D792445}.Debug|Any CPU.ActiveCfg = Debug|Any CPU
		{978C48BA-4BEA-4ECC-ABFB-E4578D792445}.Debug|Any CPU.Build.0 = Debug|Any CPU
		{978C48BA-4BEA-4ECC-ABFB-E4578D792445}.Release|Any CPU.ActiveCfg = Release|Any CPU
		{978C48BA-4BEA-4ECC-ABFB-E4578D792445}.Release|Any CPU.Build.0 = Release|Any CPU
		{E7DE0ADE-5F1C-49CC-882E-400DC13054A9}.Debug|Any CPU.ActiveCfg = Debug|Any CPU
		{E7DE0ADE-5F1C-49CC-882E-400DC13054A9}.Debug|Any CPU.Build.0 = Debug|Any CPU
		{E7DE0ADE-5F1C-49CC-882E-400DC13054A9}.Release|Any CPU.ActiveCfg = Release|Any CPU
		{E7DE0ADE-5F1C-49CC-882E-400DC13054A9}.Release|Any CPU.Build.0 = Release|Any CPU
		{A6BA72FD-72BC-4093-B2B2-F55EA05B4F3F}.Debug|Any CPU.ActiveCfg = Debug|Any CPU
		{A6BA72FD-72BC-4093-B2B2-F55EA05B4F3F}.Debug|Any CPU.Build.0 = Debug|Any CPU
		{A6BA72FD-72BC-4093-B2B2-F55EA05B4F3F}.Release|Any CPU.ActiveCfg = Release|Any CPU
		{A6BA72FD-72BC-4093-B2B2-F55EA05B4F3F}.Release|Any CPU.Build.0 = Release|Any CPU
		{52E4D880-F139-434C-BC9A-4D50BB85CB9D}.Debug|Any CPU.ActiveCfg = Debug|Any CPU
		{52E4D880-F139-434C-BC9A-4D50BB85CB9D}.Debug|Any CPU.Build.0 = Debug|Any CPU
		{52E4D880-F139-434C-BC9A-4D50BB85CB9D}.Release|Any CPU.ActiveCfg = Release|Any CPU
		{52E4D880-F139-434C-BC9A-4D50BB85CB9D}.Release|Any CPU.Build.0 = Release|Any CPU
		{E59AE7BE-6F8E-4AEB-B644-80D2226BA7C1}.Debug|Any CPU.ActiveCfg = Debug|Any CPU
		{E59AE7BE-6F8E-4AEB-B644-80D2226BA7C1}.Debug|Any CPU.Build.0 = Debug|Any CPU
		{E59AE7BE-6F8E-4AEB-B644-80D2226BA7C1}.Release|Any CPU.ActiveCfg = Release|Any CPU
		{E59AE7BE-6F8E-4AEB-B644-80D2226BA7C1}.Release|Any CPU.Build.0 = Release|Any CPU
		{BDA143FC-DA8D-4196-AF5D-E43A2B1F91C6}.Debug|Any CPU.ActiveCfg = Debug|Any CPU
		{BDA143FC-DA8D-4196-AF5D-E43A2B1F91C6}.Debug|Any CPU.Build.0 = Debug|Any CPU
		{BDA143FC-DA8D-4196-AF5D-E43A2B1F91C6}.Release|Any CPU.ActiveCfg = Release|Any CPU
		{BDA143FC-DA8D-4196-AF5D-E43A2B1F91C6}.Release|Any CPU.Build.0 = Release|Any CPU
		{28E45DE2-CBD9-454D-A578-15CE1643D782}.Debug|Any CPU.ActiveCfg = Debug|Any CPU
		{28E45DE2-CBD9-454D-A578-15CE1643D782}.Debug|Any CPU.Build.0 = Debug|Any CPU
		{28E45DE2-CBD9-454D-A578-15CE1643D782}.Release|Any CPU.ActiveCfg = Release|Any CPU
		{28E45DE2-CBD9-454D-A578-15CE1643D782}.Release|Any CPU.Build.0 = Release|Any CPU
		{F8D4161C-B7CC-40D4-990C-3162348FFB2C}.Debug|Any CPU.ActiveCfg = Debug|Any CPU
		{F8D4161C-B7CC-40D4-990C-3162348FFB2C}.Debug|Any CPU.Build.0 = Debug|Any CPU
		{F8D4161C-B7CC-40D4-990C-3162348FFB2C}.Release|Any CPU.ActiveCfg = Release|Any CPU
		{F8D4161C-B7CC-40D4-990C-3162348FFB2C}.Release|Any CPU.Build.0 = Release|Any CPU
		{BB1B5A16-3DCB-48DD-A9FB-767E2077DD58}.Debug|Any CPU.ActiveCfg = Debug|Any CPU
		{BB1B5A16-3DCB-48DD-A9FB-767E2077DD58}.Debug|Any CPU.Build.0 = Debug|Any CPU
		{BB1B5A16-3DCB-48DD-A9FB-767E2077DD58}.Release|Any CPU.ActiveCfg = Release|Any CPU
		{BB1B5A16-3DCB-48DD-A9FB-767E2077DD58}.Release|Any CPU.Build.0 = Release|Any CPU
	EndGlobalSection
	GlobalSection(SolutionProperties) = preSolution
		HideSolutionNode = FALSE
	EndGlobalSection
	GlobalSection(NestedProjects) = preSolution
		{27068525-B4AF-449A-B2A0-FEEF2486FA61} = {DFE44629-FB9C-446E-AC89-9E582B80D195}
		{978C48BA-4BEA-4ECC-ABFB-E4578D792445} = {DFE44629-FB9C-446E-AC89-9E582B80D195}
		{E7DE0ADE-5F1C-49CC-882E-400DC13054A9} = {DFE44629-FB9C-446E-AC89-9E582B80D195}
		{A6BA72FD-72BC-4093-B2B2-F55EA05B4F3F} = {DFE44629-FB9C-446E-AC89-9E582B80D195}
		{52E4D880-F139-434C-BC9A-4D50BB85CB9D} = {DFE44629-FB9C-446E-AC89-9E582B80D195}
		{E59AE7BE-6F8E-4AEB-B644-80D2226BA7C1} = {9A80B823-6076-415C-91D5-EB9DC9A90C35}
		{BDA143FC-DA8D-4196-AF5D-E43A2B1F91C6} = {9A80B823-6076-415C-91D5-EB9DC9A90C35}
		{28E45DE2-CBD9-454D-A578-15CE1643D782} = {9A80B823-6076-415C-91D5-EB9DC9A90C35}
		{F8D4161C-B7CC-40D4-990C-3162348FFB2C} = {9A80B823-6076-415C-91D5-EB9DC9A90C35}
		{BB1B5A16-3DCB-48DD-A9FB-767E2077DD58} = {EAE7709C-8320-429B-9044-D4B129B72C59}
	EndGlobalSection
	GlobalSection(ExtensibilityGlobals) = postSolution
		SolutionGuid = {8BBE51C2-2277-4055-98C6-6B236F807C1C}
	EndGlobalSection
EndGlobal
