
Microsoft Visual Studio Solution File, Format Version 12.00
# Visual Studio Version 16
VisualStudioVersion = 16.0.32228.343
MinimumVisualStudioVersion = 10.0.40219.1
Project("{2150E333-8FDC-42A3-9474-1A3956D46DE8}") = "Chapter02", "Chapter02", "{DFE44629-FB9C-446E-AC89-9E582B80D195}"
EndProject
Project("{FAE04EC0-301F-11D3-BF4B-00C04F79EFBC}") = "DistanceConverter", "Chapter02\DistanceConverter\DistanceConverter.csproj", "{27068525-B4AF-449A-B2A0-FEEF2486FA61}"
EndProject
Project("{FAE04EC0-301F-11D3-BF4B-00C04F79EFBC}") = "SalesCalculater", "Chapter02\SalesCalculater\SalesCalculater.csproj", "{978C48BA-4BEA-4ECC-ABFB-E4578D792445}"
EndProject
Project("{FAE04EC0-301F-11D3-BF4B-00C04F79EFBC}") = "Exercise", "Chapter02\Exercise\Exercise.csproj", "{E7DE0ADE-5F1C-49CC-882E-400DC13054A9}"
EndProject
Project("{FAE04EC0-301F-11D3-BF4B-00C04F79EFBC}") = "Exercise02", "Chapter02\Exercise02\Exercise02.csproj", "{A6BA72FD-72BC-4093-B2B2-F55EA05B4F3F}"
EndProject
Project("{FAE04EC0-301F-11D3-BF4B-00C04F79EFBC}") = "Exercise03", "Chapter02\Exercise03\Exercise03.csproj", "{52E4D880-F139-434C-BC9A-4D50BB85CB9D}"
EndProject
Project("{2150E333-8FDC-42A3-9474-1A3956D46DE8}") = "Chapter03", "Chapter03", "{9A80B823-6076-415C-91D5-EB9DC9A90C35}"
EndProject
Project("{FAE04EC0-301F-11D3-BF4B-00C04F79EFBC}") = "Section01", "Chapter03\Section01\Section01.csproj", "{E59AE7BE-6F8E-4AEB-B644-80D2226BA7C1}"
EndProject
Project("{FAE04EC0-301F-11D3-BF4B-00C04F79EFBC}") = "Exercise01", "Chapter03\Exercise01\Exercise01.csproj", "{BDA143FC-DA8D-4196-AF5D-E43A2B1F91C6}"
EndProject
Project("{FAE04EC0-301F-11D3-BF4B-00C04F79EFBC}") = "Section04", "Chapter03\Section04\Section04.csproj", "{28E45DE2-CBD9-454D-A578-15CE1643D782}"
EndProject
Project("{FAE04EC0-301F-11D3-BF4B-00C04F79EFBC}") = "Exercise02", "Chapter03\Exercise02\Exercise02.csproj", "{F8D4161C-B7CC-40D4-990C-3162348FFB2C}"
EndProject
Project("{2150E333-8FDC-42A3-9474-1A3956D46DE8}") = "Chapter04", "Chapter04", "{EAE7709C-8320-429B-9044-D4B129B72C59}"
EndProject
Project("{FAE04EC0-301F-11D3-BF4B-00C04F79EFBC}") = "Exercise01", "Chapter04\Exercise01\Exercise01.csproj", "{BB1B5A16-3DCB-48DD-A9FB-767E2077DD58}"
EndProject
Project("{FAE04EC0-301F-11D3-BF4B-00C04F79EFBC}") = "Exercise02", "Chapter04\Exercise02\Exercise02.csproj", "{0CFC620F-012C-4AF0-A2C9-5D7E4ACEAD23}"
EndProject
Project("{2150E333-8FDC-42A3-9474-1A3956D46DE8}") = "Chapter05", "Chapter05", "{FF842807-0869-40A5-B687-47CEF89ACD85}"
EndProject
Project("{FAE04EC0-301F-11D3-BF4B-00C04F79EFBC}") = "Exercise01", "Chapter05\Exercise01\Exercise01.csproj", "{DDDE394D-B913-4E9E-8FF2-AE5011E408CD}"
EndProject
Project("{FAE04EC0-301F-11D3-BF4B-00C04F79EFBC}") = "Exercise02", "Chapter05\Exercise02\Exercise02.csproj", "{DA0AC4E8-DB72-4792-A729-EF0217B308B3}"
EndProject
Project("{FAE04EC0-301F-11D3-BF4B-00C04F79EFBC}") = "Exercise03", "Chapter05\Exercise03\Exercise03.csproj", "{A594F049-88D4-45B8-9616-D95E227C2FEF}"
EndProject
Project("{FAE04EC0-301F-11D3-BF4B-00C04F79EFBC}") = "Exercise04", "Chapter05\Exercise04\Exercise04.csproj", "{B1315512-3268-4D3A-B378-C0BAE4FBD328}"
EndProject
Project("{2150E333-8FDC-42A3-9474-1A3956D46DE8}") = "Chapter06", "Chapter06", "{B15D32CE-63CE-4F68-BAA4-354D467AD21E}"
EndProject
Project("{FAE04EC0-301F-11D3-BF4B-00C04F79EFBC}") = "Exercise01", "Chapter06\Exercise01\Exercise01.csproj", "{D34EB1A3-358B-4C67-807C-F831B96E8D5F}"
EndProject
Project("{FAE04EC0-301F-11D3-BF4B-00C04F79EFBC}") = "Exercise02", "Chapter06\Exercise02\Exercise02.csproj", "{D1403834-6776-4B02-A228-70951621087C}"
EndProject
Project("{2150E333-8FDC-42A3-9474-1A3956D46DE8}") = "FormAppSample", "FormAppSample", "{2D93F42B-DBD3-4C02-937E-EA50E4C42DAB}"
EndProject
Project("{FAE04EC0-301F-11D3-BF4B-00C04F79EFBC}") = "Sample0603", "FormAppSample\Sample0603\Sample0603.csproj", "{7D83084F-2144-4B4B-A124-09E64ECC0BFC}"
EndProject
Project("{FAE04EC0-301F-11D3-BF4B-00C04F79EFBC}") = "Sample0607", "FormAppSample\Sample0607\Sample0607.csproj", "{0BEDE3FD-28D4-434D-9F47-17DAFD9E1B96}"
EndProject
Project("{FAE04EC0-301F-11D3-BF4B-00C04F79EFBC}") = "NumberGame", "FormAppSample\NumberGame\NumberGame.csproj", "{88964BBA-7B48-4332-8ED1-D1F0FFB0C635}"
EndProject
Project("{FAE04EC0-301F-11D3-BF4B-00C04F79EFBC}") = "AddressBook", "FormAppSample\AddressBook\AddressBook.csproj", "{A6705886-CC74-4E08-B73D-63B0CA9D05EB}"
EndProject
Project("{2150E333-8FDC-42A3-9474-1A3956D46DE8}") = "Test202206", "Test202206", "{9C402010-2A51-4639-BABA-1DED64759B3A}"
EndProject
Project("{FAE04EC0-301F-11D3-BF4B-00C04F79EFBC}") = "Test01", "Test202206\TestProject\Test01\Test01.csproj", "{2BFACDC3-F44D-4199-8498-F5C3C4AC0335}"
EndProject
Project("{FAE04EC0-301F-11D3-BF4B-00C04F79EFBC}") = "Test02", "Test202206\TestProject\Test02\Test02.csproj", "{E461C0A8-8900-485C-B520-E929BA33F712}"
EndProject
Global
	GlobalSection(SolutionConfigurationPlatforms) = preSolution
		Debug|Any CPU = Debug|Any CPU
		Release|Any CPU = Release|Any CPU
	EndGlobalSection
	GlobalSection(ProjectConfigurationPlatforms) = postSolution
		{27068525-B4AF-449A-B2A0-FEEF2486FA61}.Debug|Any CPU.ActiveCfg = Debug|Any CPU
		{27068525-B4AF-449A-B2A0-FEEF2486FA61}.Debug|Any CPU.Build.0 = Debug|Any CPU
		{27068525-B4AF-449A-B2A0-FEEF2486FA61}.Release|Any CPU.ActiveCfg = Release|Any CPU
		{27068525-B4AF-449A-B2A0-FEEF2486FA61}.Release|Any CPU.Build.0 = Release|Any CPU
		{978C48BA-4BEA-4ECC-ABFB-E4578D792445}.Debug|Any CPU.ActiveCfg = Debug|Any CPU
		{978C48BA-4BEA-4ECC-ABFB-E4578D792445}.Debug|Any CPU.Build.0 = Debug|Any CPU
		{978C48BA-4BEA-4ECC-ABFB-E4578D792445}.Release|Any CPU.ActiveCfg = Release|Any CPU
		{978C48BA-4BEA-4ECC-ABFB-E4578D792445}.Release|Any CPU.Build.0 = Release|Any CPU
		{E7DE0ADE-5F1C-49CC-882E-400DC13054A9}.Debug|Any CPU.ActiveCfg = Debug|Any CPU
		{E7DE0ADE-5F1C-49CC-882E-400DC13054A9}.Debug|Any CPU.Build.0 = Debug|Any CPU
		{E7DE0ADE-5F1C-49CC-882E-400DC13054A9}.Release|Any CPU.ActiveCfg = Release|Any CPU
		{E7DE0ADE-5F1C-49CC-882E-400DC13054A9}.Release|Any CPU.Build.0 = Release|Any CPU
		{A6BA72FD-72BC-4093-B2B2-F55EA05B4F3F}.Debug|Any CPU.ActiveCfg = Debug|Any CPU
		{A6BA72FD-72BC-4093-B2B2-F55EA05B4F3F}.Debug|Any CPU.Build.0 = Debug|Any CPU
		{A6BA72FD-72BC-4093-B2B2-F55EA05B4F3F}.Release|Any CPU.ActiveCfg = Release|Any CPU
		{A6BA72FD-72BC-4093-B2B2-F55EA05B4F3F}.Release|Any CPU.Build.0 = Release|Any CPU
		{52E4D880-F139-434C-BC9A-4D50BB85CB9D}.Debug|Any CPU.ActiveCfg = Debug|Any CPU
		{52E4D880-F139-434C-BC9A-4D50BB85CB9D}.Debug|Any CPU.Build.0 = Debug|Any CPU
		{52E4D880-F139-434C-BC9A-4D50BB85CB9D}.Release|Any CPU.ActiveCfg = Release|Any CPU
		{52E4D880-F139-434C-BC9A-4D50BB85CB9D}.Release|Any CPU.Build.0 = Release|Any CPU
		{E59AE7BE-6F8E-4AEB-B644-80D2226BA7C1}.Debug|Any CPU.ActiveCfg = Debug|Any CPU
		{E59AE7BE-6F8E-4AEB-B644-80D2226BA7C1}.Debug|Any CPU.Build.0 = Debug|Any CPU
		{E59AE7BE-6F8E-4AEB-B644-80D2226BA7C1}.Release|Any CPU.ActiveCfg = Release|Any CPU
		{E59AE7BE-6F8E-4AEB-B644-80D2226BA7C1}.Release|Any CPU.Build.0 = Release|Any CPU
		{BDA143FC-DA8D-4196-AF5D-E43A2B1F91C6}.Debug|Any CPU.ActiveCfg = Debug|Any CPU
		{BDA143FC-DA8D-4196-AF5D-E43A2B1F91C6}.Debug|Any CPU.Build.0 = Debug|Any CPU
		{BDA143FC-DA8D-4196-AF5D-E43A2B1F91C6}.Release|Any CPU.ActiveCfg = Release|Any CPU
		{BDA143FC-DA8D-4196-AF5D-E43A2B1F91C6}.Release|Any CPU.Build.0 = Release|Any CPU
		{28E45DE2-CBD9-454D-A578-15CE1643D782}.Debug|Any CPU.ActiveCfg = Debug|Any CPU
		{28E45DE2-CBD9-454D-A578-15CE1643D782}.Debug|Any CPU.Build.0 = Debug|Any CPU
		{28E45DE2-CBD9-454D-A578-15CE1643D782}.Release|Any CPU.ActiveCfg = Release|Any CPU
		{28E45DE2-CBD9-454D-A578-15CE1643D782}.Release|Any CPU.Build.0 = Release|Any CPU
		{F8D4161C-B7CC-40D4-990C-3162348FFB2C}.Debug|Any CPU.ActiveCfg = Debug|Any CPU
		{F8D4161C-B7CC-40D4-990C-3162348FFB2C}.Debug|Any CPU.Build.0 = Debug|Any CPU
		{F8D4161C-B7CC-40D4-990C-3162348FFB2C}.Release|Any CPU.ActiveCfg = Release|Any CPU
		{F8D4161C-B7CC-40D4-990C-3162348FFB2C}.Release|Any CPU.Build.0 = Release|Any CPU
		{BB1B5A16-3DCB-48DD-A9FB-767E2077DD58}.Debug|Any CPU.ActiveCfg = Debug|Any CPU
		{BB1B5A16-3DCB-48DD-A9FB-767E2077DD58}.Debug|Any CPU.Build.0 = Debug|Any CPU
		{BB1B5A16-3DCB-48DD-A9FB-767E2077DD58}.Release|Any CPU.ActiveCfg = Release|Any CPU
		{BB1B5A16-3DCB-48DD-A9FB-767E2077DD58}.Release|Any CPU.Build.0 = Release|Any CPU
		{0CFC620F-012C-4AF0-A2C9-5D7E4ACEAD23}.Debug|Any CPU.ActiveCfg = Debug|Any CPU
		{0CFC620F-012C-4AF0-A2C9-5D7E4ACEAD23}.Debug|Any CPU.Build.0 = Debug|Any CPU
		{0CFC620F-012C-4AF0-A2C9-5D7E4ACEAD23}.Release|Any CPU.ActiveCfg = Release|Any CPU
		{0CFC620F-012C-4AF0-A2C9-5D7E4ACEAD23}.Release|Any CPU.Build.0 = Release|Any CPU
		{DDDE394D-B913-4E9E-8FF2-AE5011E408CD}.Debug|Any CPU.ActiveCfg = Debug|Any CPU
		{DDDE394D-B913-4E9E-8FF2-AE5011E408CD}.Debug|Any CPU.Build.0 = Debug|Any CPU
		{DDDE394D-B913-4E9E-8FF2-AE5011E408CD}.Release|Any CPU.ActiveCfg = Release|Any CPU
		{DDDE394D-B913-4E9E-8FF2-AE5011E408CD}.Release|Any CPU.Build.0 = Release|Any CPU
		{DA0AC4E8-DB72-4792-A729-EF0217B308B3}.Debug|Any CPU.ActiveCfg = Debug|Any CPU
		{DA0AC4E8-DB72-4792-A729-EF0217B308B3}.Debug|Any CPU.Build.0 = Debug|Any CPU
		{DA0AC4E8-DB72-4792-A729-EF0217B308B3}.Release|Any CPU.ActiveCfg = Release|Any CPU
		{DA0AC4E8-DB72-4792-A729-EF0217B308B3}.Release|Any CPU.Build.0 = Release|Any CPU
		{A594F049-88D4-45B8-9616-D95E227C2FEF}.Debug|Any CPU.ActiveCfg = Debug|Any CPU
		{A594F049-88D4-45B8-9616-D95E227C2FEF}.Debug|Any CPU.Build.0 = Debug|Any CPU
		{A594F049-88D4-45B8-9616-D95E227C2FEF}.Release|Any CPU.ActiveCfg = Release|Any CPU
		{A594F049-88D4-45B8-9616-D95E227C2FEF}.Release|Any CPU.Build.0 = Release|Any CPU
		{B1315512-3268-4D3A-B378-C0BAE4FBD328}.Debug|Any CPU.ActiveCfg = Debug|Any CPU
		{B1315512-3268-4D3A-B378-C0BAE4FBD328}.Debug|Any CPU.Build.0 = Debug|Any CPU
		{B1315512-3268-4D3A-B378-C0BAE4FBD328}.Release|Any CPU.ActiveCfg = Release|Any CPU
		{B1315512-3268-4D3A-B378-C0BAE4FBD328}.Release|Any CPU.Build.0 = Release|Any CPU
		{D34EB1A3-358B-4C67-807C-F831B96E8D5F}.Debug|Any CPU.ActiveCfg = Debug|Any CPU
		{D34EB1A3-358B-4C67-807C-F831B96E8D5F}.Debug|Any CPU.Build.0 = Debug|Any CPU
		{D34EB1A3-358B-4C67-807C-F831B96E8D5F}.Release|Any CPU.ActiveCfg = Release|Any CPU
		{D34EB1A3-358B-4C67-807C-F831B96E8D5F}.Release|Any CPU.Build.0 = Release|Any CPU
		{D1403834-6776-4B02-A228-70951621087C}.Debug|Any CPU.ActiveCfg = Debug|Any CPU
		{D1403834-6776-4B02-A228-70951621087C}.Debug|Any CPU.Build.0 = Debug|Any CPU
		{D1403834-6776-4B02-A228-70951621087C}.Release|Any CPU.ActiveCfg = Release|Any CPU
		{D1403834-6776-4B02-A228-70951621087C}.Release|Any CPU.Build.0 = Release|Any CPU
		{7D83084F-2144-4B4B-A124-09E64ECC0BFC}.Debug|Any CPU.ActiveCfg = Debug|Any CPU
		{7D83084F-2144-4B4B-A124-09E64ECC0BFC}.Debug|Any CPU.Build.0 = Debug|Any CPU
		{7D83084F-2144-4B4B-A124-09E64ECC0BFC}.Release|Any CPU.ActiveCfg = Release|Any CPU
		{7D83084F-2144-4B4B-A124-09E64ECC0BFC}.Release|Any CPU.Build.0 = Release|Any CPU
		{0BEDE3FD-28D4-434D-9F47-17DAFD9E1B96}.Debug|Any CPU.ActiveCfg = Debug|Any CPU
		{0BEDE3FD-28D4-434D-9F47-17DAFD9E1B96}.Debug|Any CPU.Build.0 = Debug|Any CPU
		{0BEDE3FD-28D4-434D-9F47-17DAFD9E1B96}.Release|Any CPU.ActiveCfg = Release|Any CPU
		{0BEDE3FD-28D4-434D-9F47-17DAFD9E1B96}.Release|Any CPU.Build.0 = Release|Any CPU
		{88964BBA-7B48-4332-8ED1-D1F0FFB0C635}.Debug|Any CPU.ActiveCfg = Debug|Any CPU
		{88964BBA-7B48-4332-8ED1-D1F0FFB0C635}.Debug|Any CPU.Build.0 = Debug|Any CPU
		{88964BBA-7B48-4332-8ED1-D1F0FFB0C635}.Release|Any CPU.ActiveCfg = Release|Any CPU
		{88964BBA-7B48-4332-8ED1-D1F0FFB0C635}.Release|Any CPU.Build.0 = Release|Any CPU
		{A6705886-CC74-4E08-B73D-63B0CA9D05EB}.Debug|Any CPU.ActiveCfg = Debug|Any CPU
		{A6705886-CC74-4E08-B73D-63B0CA9D05EB}.Debug|Any CPU.Build.0 = Debug|Any CPU
		{A6705886-CC74-4E08-B73D-63B0CA9D05EB}.Release|Any CPU.ActiveCfg = Release|Any CPU
		{A6705886-CC74-4E08-B73D-63B0CA9D05EB}.Release|Any CPU.Build.0 = Release|Any CPU
		{2BFACDC3-F44D-4199-8498-F5C3C4AC0335}.Debug|Any CPU.ActiveCfg = Debug|Any CPU
		{2BFACDC3-F44D-4199-8498-F5C3C4AC0335}.Debug|Any CPU.Build.0 = Debug|Any CPU
		{2BFACDC3-F44D-4199-8498-F5C3C4AC0335}.Release|Any CPU.ActiveCfg = Release|Any CPU
		{2BFACDC3-F44D-4199-8498-F5C3C4AC0335}.Release|Any CPU.Build.0 = Release|Any CPU
		{E461C0A8-8900-485C-B520-E929BA33F712}.Debug|Any CPU.ActiveCfg = Debug|Any CPU
		{E461C0A8-8900-485C-B520-E929BA33F712}.Debug|Any CPU.Build.0 = Debug|Any CPU
		{E461C0A8-8900-485C-B520-E929BA33F712}.Release|Any CPU.ActiveCfg = Release|Any CPU
		{E461C0A8-8900-485C-B520-E929BA33F712}.Release|Any CPU.Build.0 = Release|Any CPU
	EndGlobalSection
	GlobalSection(SolutionProperties) = preSolution
		HideSolutionNode = FALSE
	EndGlobalSection
	GlobalSection(NestedProjects) = preSolution
		{27068525-B4AF-449A-B2A0-FEEF2486FA61} = {DFE44629-FB9C-446E-AC89-9E582B80D195}
		{978C48BA-4BEA-4ECC-ABFB-E4578D792445} = {DFE44629-FB9C-446E-AC89-9E582B80D195}
		{E7DE0ADE-5F1C-49CC-882E-400DC13054A9} = {DFE44629-FB9C-446E-AC89-9E582B80D195}
		{A6BA72FD-72BC-4093-B2B2-F55EA05B4F3F} = {DFE44629-FB9C-446E-AC89-9E582B80D195}
		{52E4D880-F139-434C-BC9A-4D50BB85CB9D} = {DFE44629-FB9C-446E-AC89-9E582B80D195}
		{E59AE7BE-6F8E-4AEB-B644-80D2226BA7C1} = {9A80B823-6076-415C-91D5-EB9DC9A90C35}
		{BDA143FC-DA8D-4196-AF5D-E43A2B1F91C6} = {9A80B823-6076-415C-91D5-EB9DC9A90C35}
		{28E45DE2-CBD9-454D-A578-15CE1643D782} = {9A80B823-6076-415C-91D5-EB9DC9A90C35}
		{F8D4161C-B7CC-40D4-990C-3162348FFB2C} = {9A80B823-6076-415C-91D5-EB9DC9A90C35}
		{BB1B5A16-3DCB-48DD-A9FB-767E2077DD58} = {EAE7709C-8320-429B-9044-D4B129B72C59}
		{0CFC620F-012C-4AF0-A2C9-5D7E4ACEAD23} = {EAE7709C-8320-429B-9044-D4B129B72C59}
		{DDDE394D-B913-4E9E-8FF2-AE5011E408CD} = {FF842807-0869-40A5-B687-47CEF89ACD85}
		{DA0AC4E8-DB72-4792-A729-EF0217B308B3} = {FF842807-0869-40A5-B687-47CEF89ACD85}
		{A594F049-88D4-45B8-9616-D95E227C2FEF} = {FF842807-0869-40A5-B687-47CEF89ACD85}
		{B1315512-3268-4D3A-B378-C0BAE4FBD328} = {FF842807-0869-40A5-B687-47CEF89ACD85}
		{D34EB1A3-358B-4C67-807C-F831B96E8D5F} = {B15D32CE-63CE-4F68-BAA4-354D467AD21E}
		{D1403834-6776-4B02-A228-70951621087C} = {B15D32CE-63CE-4F68-BAA4-354D467AD21E}
		{7D83084F-2144-4B4B-A124-09E64ECC0BFC} = {2D93F42B-DBD3-4C02-937E-EA50E4C42DAB}
		{0BEDE3FD-28D4-434D-9F47-17DAFD9E1B96} = {2D93F42B-DBD3-4C02-937E-EA50E4C42DAB}
		{88964BBA-7B48-4332-8ED1-D1F0FFB0C635} = {2D93F42B-DBD3-4C02-937E-EA50E4C42DAB}
		{A6705886-CC74-4E08-B73D-63B0CA9D05EB} = {2D93F42B-DBD3-4C02-937E-EA50E4C42DAB}
		{2BFACDC3-F44D-4199-8498-F5C3C4AC0335} = {9C402010-2A51-4639-BABA-1DED64759B3A}
		{E461C0A8-8900-485C-B520-E929BA33F712} = {9C402010-2A51-4639-BABA-1DED64759B3A}
	EndGlobalSection
	GlobalSection(ExtensibilityGlobals) = postSolution
		SolutionGuid = {8BBE51C2-2277-4055-98C6-6B236F807C1C}
	EndGlobalSection
EndGlobal
